{
  "name": "greenet-resume-app",
  "lockfileVersion": 2,
  "requires": true,
  "packages": {
    "": {
      "dependencies": {
        "thorui-uni": "^2.0.0"
      }
    },
    "node_modules/thorui-uni": {
      "version": "2.0.0",
      "resolved": "https://npm.corp.kuaishou.com/thorui-uni/-/thorui-uni-2.0.0.tgz",
      "integrity": "sha512-gwfROMWTlEt8kjKfrYte5sMGbdTUEc29TTfpIHAArViIxZh+450c7PI2xWHEOf+9O2fZh8PUvrVfdfT/Wklb/A=="
    }
  },
  "dependencies": {
    "thorui-uni": {
      "version": "2.0.0",
      "resolved": "https://npm.corp.kuaishou.com/thorui-uni/-/thorui-uni-2.0.0.tgz",
      "integrity": "sha512-gwfROMWTlEt8kjKfrYte5sMGbdTUEc29TTfpIHAArViIxZh+450c7PI2xWHEOf+9O2fZh8PUvrVfdfT/Wklb/A=="
    }
  }
}
