# THIS IS AN AUTOGENERATED FILE. DO NOT EDIT THIS FILE DIRECTLY.
# yarn lockfile v1


"@babel/parser@^7.18.4":
  version "7.22.16"
  resolved "https://npm.corp.kuaishou.com/@babel/parser/-/parser-7.22.16.tgz#180aead7f247305cce6551bea2720934e2fa2c95"
  integrity sha512-+gPfKv8UWeKKeJTUxe59+OobVcrYHETCsORl61EmSkmgymguYk/X5bp7GuUIXaFsc6y++v8ZxPsLSSuujqDphA==

"@types/uni-app@^1.4.5":
  version "1.4.5"
  resolved "https://npm.corp.kuaishou.com/@types/uni-app/-/uni-app-1.4.5.tgz#45257aab8f0b53f23a919f486ed840111b09b5a8"
  integrity sha512-xVxlWeU6X+lpMGTS5c1eVYexUGyvQu0gS/KarRG6czJHFkFlLtV4+5GcoQHraM6PXkR6LlMxQdCVvMSs8zznaQ==
  dependencies:
    vue "^2.6.8"

"@vue/compiler-sfc@2.7.14":
  version "2.7.14"
  resolved "https://npm.corp.kuaishou.com/@vue/compiler-sfc/-/compiler-sfc-2.7.14.tgz#3446fd2fbb670d709277fc3ffa88efc5e10284fd"
  integrity sha512-aNmNHyLPsw+sVvlQFQ2/8sjNuLtK54TC6cuKnVzAY93ks4ZBrvwQSnkkIh7bsbNhum5hJBS00wSDipQ937f5DA==
  dependencies:
    "@babel/parser" "^7.18.4"
    postcss "^8.4.14"
    source-map "^0.6.1"

"@wangeditor/editor-for-vue@^1.0.2":
  version "1.0.2"
  resolved "https://registry.yarnpkg.com/@wangeditor/editor-for-vue/-/editor-for-vue-1.0.2.tgz#62674d56354319ff8dcc83db5c62cec4437ee906"
  integrity sha512-BOENvAXJVtVXlE2X50AAvjV82YlCUeu5cbeR0cvEQHQjYtiVnJtq7HSoj85r2kTgGouI5OrpJG9BBEjSjUSPyA==

csstype@^3.1.0:
  version "3.1.2"
  resolved "https://npm.corp.kuaishou.com/csstype/-/csstype-3.1.2.tgz#1d4bf9d572f11c14031f0436e1c10bc1f571f50b"
  integrity sha512-I7K1Uu0MBPzaFKg4nI5Q7Vs2t+3gWWW648spaF+Rg7pI9ds18Ugn+lvg4SHczUdKlHI5LWBXyqfS8+DufyBsgQ==

dayjs@^1.11.9:
  version "1.11.9"
  resolved "https://npm.corp.kuaishou.com/dayjs/-/dayjs-1.11.9.tgz#9ca491933fadd0a60a2c19f6c237c03517d71d1a"
  integrity sha512-QvzAURSbQ0pKdIye2txOzNaHmxtUBXerpY0FJsFXUMKbIZeFm5ht1LS/jFsrncjnmtv8HsG0W2g6c0zUjZWmpA==

mp-html@^2.4.2:
  version "2.4.2"
  resolved "https://npm.corp.kuaishou.com/mp-html/-/mp-html-2.4.2.tgz#dfc08136d05990ac4d97b3d603c7689cbcd6a031"
  integrity sha512-MSfJh5ckuaI2uibeO4qiUl2e/j5fpXy6cmW/ZzSkb+U3rTJfMSNzODqrDwG0YWOd8BVI+tD9/jLZiBhJbMupUg==

nanoid@^3.3.6:
  version "3.3.6"
  resolved "https://npm.corp.kuaishou.com/nanoid/-/nanoid-3.3.6.tgz#443380c856d6e9f9824267d960b4236ad583ea4c"
  integrity sha512-BGcqMMJuToF7i1rt+2PWSNVnWIkGCU78jBG3RxO/bZlnZPK2Cmi2QaffxGO/2RvWi9sL+FAiRiXMgsyxQ1DIDA==

picocolors@^1.0.0:
  version "1.0.0"
  resolved "https://npm.corp.kuaishou.com/picocolors/-/picocolors-1.0.0.tgz#cb5bdc74ff3f51892236eaf79d68bc44564ab81c"
  integrity sha512-1fygroTLlHu66zi26VoTDv8yRgm0Fccecssto+MhsZ0D/DGW2sm8E8AjW7NU5VVTRt5GxbeZ5qBuJr+HyLYkjQ==

postcss@^8.4.14:
  version "8.4.29"
  resolved "https://npm.corp.kuaishou.com/postcss/-/postcss-8.4.29.tgz#33bc121cf3b3688d4ddef50be869b2a54185a1dd"
  integrity sha512-cbI+jaqIeu/VGqXEarWkRCCffhjgXc0qjBtXpqJhTBohMUjUQnbBr0xqX3vEKudc4iviTewcJo5ajcec5+wdJw==
  dependencies:
    nanoid "^3.3.6"
    picocolors "^1.0.0"
    source-map-js "^1.0.2"

source-map-js@^1.0.2:
  version "1.0.2"
  resolved "https://npm.corp.kuaishou.com/source-map-js/-/source-map-js-1.0.2.tgz#adbc361d9c62df380125e7f161f71c826f1e490c"
  integrity sha512-R0XvVJ9WusLiqTCEiGCmICCMplcCkIwwR11mOSD9CR5u+IXYdiseeEuXCVAjS54zqwkLcPNnmU4OeJ6tUrWhDw==

source-map@^0.6.1:
  version "0.6.1"
  resolved "https://npm.corp.kuaishou.com/source-map/-/source-map-0.6.1.tgz#74722af32e9614e9c287a8d0bbde48b5e2f1a263"
  integrity sha512-UjgapumWlbMhkBgzT7Ykc5YXUT46F0iKu8SGXq0bcwP5dz/h0Plj6enJqjz1Zbq2l5WaqYnrVbwWOWMyF3F47g==

vue@^2.6.8:
  version "2.7.14"
  resolved "https://npm.corp.kuaishou.com/vue/-/vue-2.7.14.tgz#3743dcd248fd3a34d421ae456b864a0246bafb17"
  integrity sha512-b2qkFyOM0kwqWFuQmgd4o+uHGU7T+2z3T+WQp8UBjADfEv2n4FEMffzBmCKNP0IGzOEEfYjvtcC62xaSKeQDrQ==
  dependencies:
    "@vue/compiler-sfc" "2.7.14"
    csstype "^3.1.0"
